
Microsoft Visual Studio Solution File, Format Version 12.00
# Visual Studio Version 16
VisualStudioVersion = 16.0.31129.286
MinimumVisualStudioVersion = 10.0.40219.1
Project("{FAE04EC0-301F-11D3-BF4B-00C04F79EFBC}") = "DeckOfCards", "DeckOfCards\DeckOfCards.csproj", "{B460CF02-BF63-4FC8-8C02-51BFF954213B}"
EndProject
Global
	GlobalSection(SolutionConfigurationPlatforms) = preSolution
		Debug|Any CPU = Debug|Any CPU
		Release|Any CPU = Release|Any CPU
	EndGlobalSection
	GlobalSection(ProjectConfigurationPlatforms) = postSolution
		{B460CF02-BF63-4FC8-8C02-51BFF954213B}.Debug|Any CPU.ActiveCfg = Debug|Any CPU
		{B460CF02-BF63-4FC8-8C02-51BFF954213B}.Debug|Any CPU.Build.0 = Debug|Any CPU
		{B460CF02-BF63-4FC8-8C02-51BFF954213B}.Release|Any CPU.ActiveCfg = Release|Any CPU
		{B460CF02-BF63-4FC8-8C02-51BFF954213B}.Release|Any CPU.Build.0 = Release|Any CPU
	EndGlobalSection
	GlobalSection(SolutionProperties) = preSolution
		HideSolutionNode = FALSE
	EndGlobalSection
	GlobalSection(ExtensibilityGlobals) = postSolution
		SolutionGuid = {E43B8146-7A37-406D-B044-497B93E3C0A7}
	EndGlobalSection
EndGlobal
